Microsoft Visual Studio Solution File, Format Version 12.00
# Visual Studio Version 17
VisualStudioVersion = 17.5.2.0
MinimumVisualStudioVersion = 10.0.40219.1
Project("{FAE04EC0-301F-11D3-BF4B-00C04F79EFBC}") = "C#_Assignment", "C#_Assignment.csproj", "{708F6141-CEE8-AFE0-A4CE-8B1A1D7A53A3}"
EndProject
Global
	GlobalSection(SolutionConfigurationPlatforms) = preSolution
		Debug|Any CPU = Debug|Any CPU
		Release|Any CPU = Release|Any CPU
	EndGlobalSection
	GlobalSection(ProjectConfigurationPlatforms) = postSolution
		{708F6141-CEE8-AFE0-A4CE-8B1A1D7A53A3}.Debug|Any CPU.ActiveCfg = Debug|Any CPU
		{708F6141-CEE8-AFE0-A4CE-8B1A1D7A53A3}.Debug|Any CPU.Build.0 = Debug|Any CPU
		{708F6141-CEE8-AFE0-A4CE-8B1A1D7A53A3}.Release|Any CPU.ActiveCfg = Release|Any CPU
		{708F6141-CEE8-AFE0-A4CE-8B1A1D7A53A3}.Release|Any CPU.Build.0 = Release|Any CPU
	EndGlobalSection
	GlobalSection(SolutionProperties) = preSolution
		HideSolutionNode = FALSE
	EndGlobalSection
	GlobalSection(ExtensibilityGlobals) = postSolution
		SolutionGuid = {31B9FE0E-3E4A-4ACD-BD7A-759085789204}
	EndGlobalSection
EndGlobal
